
Microsoft Visual Studio Solution File, Format Version 12.00
# Visual Studio Version 17
VisualStudioVersion = 17.4.33110.190
MinimumVisualStudioVersion = 10.0.40219.1
Project("{FAE04EC0-301F-11D3-BF4B-00C04F79EFBC}") = "CoriaToDo.API", "CoriaToDo.API\CoriaToDo.API.csproj", "{78582AAB-7F94-447B-9613-9FC1C80666E7}"
EndProject
Global
	GlobalSection(SolutionConfigurationPlatforms) = preSolution
		Debug|Any CPU = Debug|Any CPU
		Release|Any CPU = Release|Any CPU
	EndGlobalSection
	GlobalSection(ProjectConfigurationPlatforms) = postSolution
		{78582AAB-7F94-447B-9613-9FC1C80666E7}.Debug|Any CPU.ActiveCfg = Debug|Any CPU
		{78582AAB-7F94-447B-9613-9FC1C80666E7}.Debug|Any CPU.Build.0 = Debug|Any CPU
		{78582AAB-7F94-447B-9613-9FC1C80666E7}.Release|Any CPU.ActiveCfg = Release|Any CPU
		{78582AAB-7F94-447B-9613-9FC1C80666E7}.Release|Any CPU.Build.0 = Release|Any CPU
	EndGlobalSection
	GlobalSection(SolutionProperties) = preSolution
		HideSolutionNode = FALSE
	EndGlobalSection
	GlobalSection(ExtensibilityGlobals) = postSolution
		SolutionGuid = {BF8F86A4-F4AF-468B-95E1-D35011779370}
	EndGlobalSection
EndGlobal
